
Microsoft Visual Studio Solution File, Format Version 12.00
# Visual Studio Version 16
VisualStudioVersion = 16.0.33927.289
MinimumVisualStudioVersion = 10.0.40219.1
Project("{8BC9CEB8-8B4A-11D0-8D11-00A0C91BC942}") = "2023.09.05.0001_Start", "2023.09.05.0001_Start\2023.09.05.0001_Start.vcxproj", "{8219A5F0-CDFD-47C3-B1C6-6C9762497125}"
EndProject
Project("{8BC9CEB8-8B4A-11D0-8D11-00A0C91BC942}") = "2023.09.05.0002_Operator", "2023.09.05.0002_Operator\2023.09.05.0002_Operator.vcxproj", "{B64F7F49-0FA4-4D3F-869D-B9A8190EFBED}"
EndProject
Project("{8BC9CEB8-8B4A-11D0-8D11-00A0C91BC942}") = "2023.09.05.0003_Operator", "2023.09.05.0003_Operator\2023.09.05.0003_Operator.vcxproj", "{3D3BB654-F33C-4F2C-B6AC-058E1F1DFC16}"
EndProject
Project("{8BC9CEB8-8B4A-11D0-8D11-00A0C91BC942}") = "2023.09.05.0004_Operator", "2023.09.05.0004_Operator\2023.09.05.0004_Operator.vcxproj", "{B3ADFF47-667A-49AC-9910-C26757505409}"
EndProject
Project("{8BC9CEB8-8B4A-11D0-8D11-00A0C91BC942}") = "2023.09.05.0005_Operator", "2023.09.05.0005_Operator\2023.09.05.0005_Operator.vcxproj", "{CFCE32A4-F099-48AB-BEF4-953E58324BFC}"
EndProject
Project("{8BC9CEB8-8B4A-11D0-8D11-00A0C91BC942}") = "2023.09.05.0006_Operator", "2023.09.05.0006_Operator\2023.09.05.0006_Operator.vcxproj", "{3E59D6CD-F45C-4F7E-8115-7674565CC7F7}"
EndProject
Project("{8BC9CEB8-8B4A-11D0-8D11-00A0C91BC942}") = "2023.09.05.0007_ConditionalStatement", "2023.09.05.0007_ConditionalStatement\2023.09.05.0007_ConditionalStatement.vcxproj", "{6E2DEE18-6C44-43B4-B989-E1E398C51798}"
EndProject
Project("{8BC9CEB8-8B4A-11D0-8D11-00A0C91BC942}") = "2023.09.06.0008_ConditionalStatement", "2023.09.06.0008_ConditionalStatement\2023.09.06.0008_ConditionalStatement.vcxproj", "{52092196-9682-4317-9FE1-F8B70F34D1A1}"
EndProject
Project("{8BC9CEB8-8B4A-11D0-8D11-00A0C91BC942}") = "2023.09.06.0009_Capsulazation", "2023.09.06.0009_Capsulazation\2023.09.06.0009_Capsulazation.vcxproj", "{3A0AA24D-335D-4749-A464-30BB3AD91742}"
EndProject
Project("{8BC9CEB8-8B4A-11D0-8D11-00A0C91BC942}") = "2023.09.06.0010_Capsulazation", "2023.09.06.0010_Capsulazation\2023.09.06.0010_Capsulazation.vcxproj", "{3FC7CAA9-64C9-4217-85D3-35217EDA35EE}"
EndProject
Project("{8BC9CEB8-8B4A-11D0-8D11-00A0C91BC942}") = "2023.09.06.0011_Capsulazation", "2023.09.06.0011_Capsulazation\2023.09.06.0011_Capsulazation.vcxproj", "{CE02507D-1856-4A0A-BC98-F73196BDCC1A}"
EndProject
Project("{8BC9CEB8-8B4A-11D0-8D11-00A0C91BC942}") = "2023.09.07.0012_Capsulazation", "2023.09.07.0012_Capsulazation\2023.09.07.0012_Capsulazation.vcxproj", "{4166CB65-5FCF-494C-9817-472C2449DFFB}"
EndProject
Project("{8BC9CEB8-8B4A-11D0-8D11-00A0C91BC942}") = "2023.09.07.0013_Constructor", "2023.09.07.0013_Constructor\2023.09.07.0013_Constructor.vcxproj", "{956FD5D7-EFAA-43D4-A871-1D0DFCC82F7F}"
EndProject
Project("{8BC9CEB8-8B4A-11D0-8D11-00A0C91BC942}") = "2023.09.07.0014_referenceType", "2023.09.07.0014_referenceType\2023.09.07.0014_referenceType.vcxproj", "{A6EF2D9E-3C1C-43C1-B3D8-54BD5E0FC428}"
EndProject
Project("{8BC9CEB8-8B4A-11D0-8D11-00A0C91BC942}") = "2023.09.07.0015_StaticMember", "2023.09.07.0015_StaticMember\2023.09.07.0015_StaticMember.vcxproj", "{393C9FAB-507D-4C26-9D59-040B41DA4F40}"
EndProject
Global
	GlobalSection(SolutionConfigurationPlatforms) = preSolution
		Debug|x64 = Debug|x64
		Debug|x86 = Debug|x86
		Release|x64 = Release|x64
		Release|x86 = Release|x86
	EndGlobalSection
	GlobalSection(ProjectConfigurationPlatforms) = postSolution
		{8219A5F0-CDFD-47C3-B1C6-6C9762497125}.Debug|x64.ActiveCfg = Debug|x64
		{8219A5F0-CDFD-47C3-B1C6-6C9762497125}.Debug|x64.Build.0 = Debug|x64
		{8219A5F0-CDFD-47C3-B1C6-6C9762497125}.Debug|x86.ActiveCfg = Debug|Win32
		{8219A5F0-CDFD-47C3-B1C6-6C9762497125}.Debug|x86.Build.0 = Debug|Win32
		{8219A5F0-CDFD-47C3-B1C6-6C9762497125}.Release|x64.ActiveCfg = Release|x64
		{8219A5F0-CDFD-47C3-B1C6-6C9762497125}.Release|x64.Build.0 = Release|x64
		{8219A5F0-CDFD-47C3-B1C6-6C9762497125}.Release|x86.ActiveCfg = Release|Win32
		{8219A5F0-CDFD-47C3-B1C6-6C9762497125}.Release|x86.Build.0 = Release|Win32
		{B64F7F49-0FA4-4D3F-869D-B9A8190EFBED}.Debug|x64.ActiveCfg = Debug|x64
		{B64F7F49-0FA4-4D3F-869D-B9A8190EFBED}.Debug|x64.Build.0 = Debug|x64
		{B64F7F49-0FA4-4D3F-869D-B9A8190EFBED}.Debug|x86.ActiveCfg = Debug|Win32
		{B64F7F49-0FA4-4D3F-869D-B9A8190EFBED}.Debug|x86.Build.0 = Debug|Win32
		{B64F7F49-0FA4-4D3F-869D-B9A8190EFBED}.Release|x64.ActiveCfg = Release|x64
		{B64F7F49-0FA4-4D3F-869D-B9A8190EFBED}.Release|x64.Build.0 = Release|x64
		{B64F7F49-0FA4-4D3F-869D-B9A8190EFBED}.Release|x86.ActiveCfg = Release|Win32
		{B64F7F49-0FA4-4D3F-869D-B9A8190EFBED}.Release|x86.Build.0 = Release|Win32
		{3D3BB654-F33C-4F2C-B6AC-058E1F1DFC16}.Debug|x64.ActiveCfg = Debug|x64
		{3D3BB654-F33C-4F2C-B6AC-058E1F1DFC16}.Debug|x64.Build.0 = Debug|x64
		{3D3BB654-F33C-4F2C-B6AC-058E1F1DFC16}.Debug|x86.ActiveCfg = Debug|Win32
		{3D3BB654-F33C-4F2C-B6AC-058E1F1DFC16}.Debug|x86.Build.0 = Debug|Win32
		{3D3BB654-F33C-4F2C-B6AC-058E1F1DFC16}.Release|x64.ActiveCfg = Release|x64
		{3D3BB654-F33C-4F2C-B6AC-058E1F1DFC16}.Release|x64.Build.0 = Release|x64
		{3D3BB654-F33C-4F2C-B6AC-058E1F1DFC16}.Release|x86.ActiveCfg = Release|Win32
		{3D3BB654-F33C-4F2C-B6AC-058E1F1DFC16}.Release|x86.Build.0 = Release|Win32
		{B3ADFF47-667A-49AC-9910-C26757505409}.Debug|x64.ActiveCfg = Debug|x64
		{B3ADFF47-667A-49AC-9910-C26757505409}.Debug|x64.Build.0 = Debug|x64
		{B3ADFF47-667A-49AC-9910-C26757505409}.Debug|x86.ActiveCfg = Debug|Win32
		{B3ADFF47-667A-49AC-9910-C26757505409}.Debug|x86.Build.0 = Debug|Win32
		{B3ADFF47-667A-49AC-9910-C26757505409}.Release|x64.ActiveCfg = Release|x64
		{B3ADFF47-667A-49AC-9910-C26757505409}.Release|x64.Build.0 = Release|x64
		{B3ADFF47-667A-49AC-9910-C26757505409}.Release|x86.ActiveCfg = Release|Win32
		{B3ADFF47-667A-49AC-9910-C26757505409}.Release|x86.Build.0 = Release|Win32
		{CFCE32A4-F099-48AB-BEF4-953E58324BFC}.Debug|x64.ActiveCfg = Debug|x64
		{CFCE32A4-F099-48AB-BEF4-953E58324BFC}.Debug|x64.Build.0 = Debug|x64
		{CFCE32A4-F099-48AB-BEF4-953E58324BFC}.Debug|x86.ActiveCfg = Debug|Win32
		{CFCE32A4-F099-48AB-BEF4-953E58324BFC}.Debug|x86.Build.0 = Debug|Win32
		{CFCE32A4-F099-48AB-BEF4-953E58324BFC}.Release|x64.ActiveCfg = Release|x64
		{CFCE32A4-F099-48AB-BEF4-953E58324BFC}.Release|x64.Build.0 = Release|x64
		{CFCE32A4-F099-48AB-BEF4-953E58324BFC}.Release|x86.ActiveCfg = Release|Win32
		{CFCE32A4-F099-48AB-BEF4-953E58324BFC}.Release|x86.Build.0 = Release|Win32
		{3E59D6CD-F45C-4F7E-8115-7674565CC7F7}.Debug|x64.ActiveCfg = Debug|x64
		{3E59D6CD-F45C-4F7E-8115-7674565CC7F7}.Debug|x64.Build.0 = Debug|x64
		{3E59D6CD-F45C-4F7E-8115-7674565CC7F7}.Debug|x86.ActiveCfg = Debug|Win32
		{3E59D6CD-F45C-4F7E-8115-7674565CC7F7}.Debug|x86.Build.0 = Debug|Win32
		{3E59D6CD-F45C-4F7E-8115-7674565CC7F7}.Release|x64.ActiveCfg = Release|x64
		{3E59D6CD-F45C-4F7E-8115-7674565CC7F7}.Release|x64.Build.0 = Release|x64
		{3E59D6CD-F45C-4F7E-8115-7674565CC7F7}.Release|x86.ActiveCfg = Release|Win32
		{3E59D6CD-F45C-4F7E-8115-7674565CC7F7}.Release|x86.Build.0 = Release|Win32
		{6E2DEE18-6C44-43B4-B989-E1E398C51798}.Debug|x64.ActiveCfg = Debug|x64
		{6E2DEE18-6C44-43B4-B989-E1E398C51798}.Debug|x64.Build.0 = Debug|x64
		{6E2DEE18-6C44-43B4-B989-E1E398C51798}.Debug|x86.ActiveCfg = Debug|Win32
		{6E2DEE18-6C44-43B4-B989-E1E398C51798}.Debug|x86.Build.0 = Debug|Win32
		{6E2DEE18-6C44-43B4-B989-E1E398C51798}.Release|x64.ActiveCfg = Release|x64
		{6E2DEE18-6C44-43B4-B989-E1E398C51798}.Release|x64.Build.0 = Release|x64
		{6E2DEE18-6C44-43B4-B989-E1E398C51798}.Release|x86.ActiveCfg = Release|Win32
		{6E2DEE18-6C44-43B4-B989-E1E398C51798}.Release|x86.Build.0 = Release|Win32
		{52092196-9682-4317-9FE1-F8B70F34D1A1}.Debug|x64.ActiveCfg = Debug|x64
		{52092196-9682-4317-9FE1-F8B70F34D1A1}.Debug|x64.Build.0 = Debug|x64
		{52092196-9682-4317-9FE1-F8B70F34D1A1}.Debug|x86.ActiveCfg = Debug|Win32
		{52092196-9682-4317-9FE1-F8B70F34D1A1}.Debug|x86.Build.0 = Debug|Win32
		{52092196-9682-4317-9FE1-F8B70F34D1A1}.Release|x64.ActiveCfg = Release|x64
		{52092196-9682-4317-9FE1-F8B70F34D1A1}.Release|x64.Build.0 = Release|x64
		{52092196-9682-4317-9FE1-F8B70F34D1A1}.Release|x86.ActiveCfg = Release|Win32
		{52092196-9682-4317-9FE1-F8B70F34D1A1}.Release|x86.Build.0 = Release|Win32
		{3A0AA24D-335D-4749-A464-30BB3AD91742}.Debug|x64.ActiveCfg = Debug|x64
		{3A0AA24D-335D-4749-A464-30BB3AD91742}.Debug|x64.Build.0 = Debug|x64
		{3A0AA24D-335D-4749-A464-30BB3AD91742}.Debug|x86.ActiveCfg = Debug|Win32
		{3A0AA24D-335D-4749-A464-30BB3AD91742}.Debug|x86.Build.0 = Debug|Win32
		{3A0AA24D-335D-4749-A464-30BB3AD91742}.Release|x64.ActiveCfg = Release|x64
		{3A0AA24D-335D-4749-A464-30BB3AD91742}.Release|x64.Build.0 = Release|x64
		{3A0AA24D-335D-4749-A464-30BB3AD91742}.Release|x86.ActiveCfg = Release|Win32
		{3A0AA24D-335D-4749-A464-30BB3AD91742}.Release|x86.Build.0 = Release|Win32
		{3FC7CAA9-64C9-4217-85D3-35217EDA35EE}.Debug|x64.ActiveCfg = Debug|x64
		{3FC7CAA9-64C9-4217-85D3-35217EDA35EE}.Debug|x64.Build.0 = Debug|x64
		{3FC7CAA9-64C9-4217-85D3-35217EDA35EE}.Debug|x86.ActiveCfg = Debug|Win32
		{3FC7CAA9-64C9-4217-85D3-35217EDA35EE}.Debug|x86.Build.0 = Debug|Win32
		{3FC7CAA9-64C9-4217-85D3-35217EDA35EE}.Release|x64.ActiveCfg = Release|x64
		{3FC7CAA9-64C9-4217-85D3-35217EDA35EE}.Release|x64.Build.0 = Release|x64
		{3FC7CAA9-64C9-4217-85D3-35217EDA35EE}.Release|x86.ActiveCfg = Release|Win32
		{3FC7CAA9-64C9-4217-85D3-35217EDA35EE}.Release|x86.Build.0 = Release|Win32
		{CE02507D-1856-4A0A-BC98-F73196BDCC1A}.Debug|x64.ActiveCfg = Debug|x64
		{CE02507D-1856-4A0A-BC98-F73196BDCC1A}.Debug|x64.Build.0 = Debug|x64
		{CE02507D-1856-4A0A-BC98-F73196BDCC1A}.Debug|x86.ActiveCfg = Debug|Win32
		{CE02507D-1856-4A0A-BC98-F73196BDCC1A}.Debug|x86.Build.0 = Debug|Win32
		{CE02507D-1856-4A0A-BC98-F73196BDCC1A}.Release|x64.ActiveCfg = Release|x64
		{CE02507D-1856-4A0A-BC98-F73196BDCC1A}.Release|x64.Build.0 = Release|x64
		{CE02507D-1856-4A0A-BC98-F73196BDCC1A}.Release|x86.ActiveCfg = Release|Win32
		{CE02507D-1856-4A0A-BC98-F73196BDCC1A}.Release|x86.Build.0 = Release|Win32
		{4166CB65-5FCF-494C-9817-472C2449DFFB}.Debug|x64.ActiveCfg = Debug|x64
		{4166CB65-5FCF-494C-9817-472C2449DFFB}.Debug|x64.Build.0 = Debug|x64
		{4166CB65-5FCF-494C-9817-472C2449DFFB}.Debug|x86.ActiveCfg = Debug|Win32
		{4166CB65-5FCF-494C-9817-472C2449DFFB}.Debug|x86.Build.0 = Debug|Win32
		{4166CB65-5FCF-494C-9817-472C2449DFFB}.Release|x64.ActiveCfg = Release|x64
		{4166CB65-5FCF-494C-9817-472C2449DFFB}.Release|x64.Build.0 = Release|x64
		{4166CB65-5FCF-494C-9817-472C2449DFFB}.Release|x86.ActiveCfg = Release|Win32
		{4166CB65-5FCF-494C-9817-472C2449DFFB}.Release|x86.Build.0 = Release|Win32
		{956FD5D7-EFAA-43D4-A871-1D0DFCC82F7F}.Debug|x64.ActiveCfg = Debug|x64
		{956FD5D7-EFAA-43D4-A871-1D0DFCC82F7F}.Debug|x64.Build.0 = Debug|x64
		{956FD5D7-EFAA-43D4-A871-1D0DFCC82F7F}.Debug|x86.ActiveCfg = Debug|Win32
		{956FD5D7-EFAA-43D4-A871-1D0DFCC82F7F}.Debug|x86.Build.0 = Debug|Win32
		{956FD5D7-EFAA-43D4-A871-1D0DFCC82F7F}.Release|x64.ActiveCfg = Release|x64
		{956FD5D7-EFAA-43D4-A871-1D0DFCC82F7F}.Release|x64.Build.0 = Release|x64
		{956FD5D7-EFAA-43D4-A871-1D0DFCC82F7F}.Release|x86.ActiveCfg = Release|Win32
		{956FD5D7-EFAA-43D4-A871-1D0DFCC82F7F}.Release|x86.Build.0 = Release|Win32
		{A6EF2D9E-3C1C-43C1-B3D8-54BD5E0FC428}.Debug|x64.ActiveCfg = Debug|x64
		{A6EF2D9E-3C1C-43C1-B3D8-54BD5E0FC428}.Debug|x64.Build.0 = Debug|x64
		{A6EF2D9E-3C1C-43C1-B3D8-54BD5E0FC428}.Debug|x86.ActiveCfg = Debug|Win32
		{A6EF2D9E-3C1C-43C1-B3D8-54BD5E0FC428}.Debug|x86.Build.0 = Debug|Win32
		{A6EF2D9E-3C1C-43C1-B3D8-54BD5E0FC428}.Release|x64.ActiveCfg = Release|x64
		{A6EF2D9E-3C1C-43C1-B3D8-54BD5E0FC428}.Release|x64.Build.0 = Release|x64
		{A6EF2D9E-3C1C-43C1-B3D8-54BD5E0FC428}.Release|x86.ActiveCfg = Release|Win32
		{A6EF2D9E-3C1C-43C1-B3D8-54BD5E0FC428}.Release|x86.Build.0 = Release|Win32
		{393C9FAB-507D-4C26-9D59-040B41DA4F40}.Debug|x64.ActiveCfg = Debug|x64
		{393C9FAB-507D-4C26-9D59-040B41DA4F40}.Debug|x64.Build.0 = Debug|x64
		{393C9FAB-507D-4C26-9D59-040B41DA4F40}.Debug|x86.ActiveCfg = Debug|Win32
		{393C9FAB-507D-4C26-9D59-040B41DA4F40}.Debug|x86.Build.0 = Debug|Win32
		{393C9FAB-507D-4C26-9D59-040B41DA4F40}.Release|x64.ActiveCfg = Release|x64
		{393C9FAB-507D-4C26-9D59-040B41DA4F40}.Release|x64.Build.0 = Release|x64
		{393C9FAB-507D-4C26-9D59-040B41DA4F40}.Release|x86.ActiveCfg = Release|Win32
		{393C9FAB-507D-4C26-9D59-040B41DA4F40}.Release|x86.Build.0 = Release|Win32
	EndGlobalSection
	GlobalSection(SolutionProperties) = preSolution
		HideSolutionNode = FALSE
	EndGlobalSection
	GlobalSection(ExtensibilityGlobals) = postSolution
		SolutionGuid = {95E95AF8-64DB-4B7C-B181-777A9944AD22}
	EndGlobalSection
EndGlobal
