
Microsoft Visual Studio Solution File, Format Version 12.00
# Visual Studio Version 16
VisualStudioVersion = 16.0.33927.289
MinimumVisualStudioVersion = 10.0.40219.1
Project("{8BC9CEB8-8B4A-11D0-8D11-00A0C91BC942}") = "2023.09.05.0001_Start", "2023.09.05.0001_Start\2023.09.05.0001_Start.vcxproj", "{8219A5F0-CDFD-47C3-B1C6-6C9762497125}"
EndProject
Project("{8BC9CEB8-8B4A-11D0-8D11-00A0C91BC942}") = "2023.09.05.0002_Operator", "2023.09.05.0002_Operator\2023.09.05.0002_Operator.vcxproj", "{B64F7F49-0FA4-4D3F-869D-B9A8190EFBED}"
EndProject
Project("{8BC9CEB8-8B4A-11D0-8D11-00A0C91BC942}") = "2023.09.05.0003_Operator", "2023.09.05.0003_Operator\2023.09.05.0003_Operator.vcxproj", "{3D3BB654-F33C-4F2C-B6AC-058E1F1DFC16}"
EndProject
Project("{8BC9CEB8-8B4A-11D0-8D11-00A0C91BC942}") = "2023.09.05.0004_Operator", "2023.09.05.0004_Operator\2023.09.05.0004_Operator.vcxproj", "{B3ADFF47-667A-49AC-9910-C26757505409}"
EndProject
Project("{8BC9CEB8-8B4A-11D0-8D11-00A0C91BC942}") = "2023.09.05.0005_Operator", "2023.09.05.0005_Operator\2023.09.05.0005_Operator.vcxproj", "{CFCE32A4-F099-48AB-BEF4-953E58324BFC}"
EndProject
Project("{8BC9CEB8-8B4A-11D0-8D11-00A0C91BC942}") = "2023.09.05.0006_Operator", "2023.09.05.0006_Operator\2023.09.05.0006_Operator.vcxproj", "{3E59D6CD-F45C-4F7E-8115-7674565CC7F7}"
EndProject
Project("{8BC9CEB8-8B4A-11D0-8D11-00A0C91BC942}") = "2023.09.05.0007_ConditionalStatement", "2023.09.05.0007_ConditionalStatement\2023.09.05.0007_ConditionalStatement.vcxproj", "{6E2DEE18-6C44-43B4-B989-E1E398C51798}"
EndProject
Project("{8BC9CEB8-8B4A-11D0-8D11-00A0C91BC942}") = "2023.09.06.0008_ConditionalStatement", "2023.09.06.0008_ConditionalStatement\2023.09.06.0008_ConditionalStatement.vcxproj", "{52092196-9682-4317-9FE1-F8B70F34D1A1}"
EndProject
Project("{8BC9CEB8-8B4A-11D0-8D11-00A0C91BC942}") = "2023.09.06.0009_Capsulazation", "2023.09.06.0009_Capsulazation\2023.09.06.0009_Capsulazation.vcxproj", "{3A0AA24D-335D-4749-A464-30BB3AD91742}"
EndProject
Project("{8BC9CEB8-8B4A-11D0-8D11-00A0C91BC942}") = "2023.09.06.0010_Capsulazation", "2023.09.06.0010_Capsulazation\2023.09.06.0010_Capsulazation.vcxproj", "{3FC7CAA9-64C9-4217-85D3-35217EDA35EE}"
EndProject
Project("{8BC9CEB8-8B4A-11D0-8D11-00A0C91BC942}") = "2023.09.06.0011_Capsulazation", "2023.09.06.0011_Capsulazation\2023.09.06.0011_Capsulazation.vcxproj", "{CE02507D-1856-4A0A-BC98-F73196BDCC1A}"
EndProject
Project("{8BC9CEB8-8B4A-11D0-8D11-00A0C91BC942}") = "2023.09.07.0012_Capsulazation", "2023.09.07.0012_Capsulazation\2023.09.07.0012_Capsulazation.vcxproj", "{4166CB65-5FCF-494C-9817-472C2449DFFB}"
EndProject
Project("{8BC9CEB8-8B4A-11D0-8D11-00A0C91BC942}") = "2023.09.07.0013_Constructor", "2023.09.07.0013_Constructor\2023.09.07.0013_Constructor.vcxproj", "{956FD5D7-EFAA-43D4-A871-1D0DFCC82F7F}"
EndProject
Project("{8BC9CEB8-8B4A-11D0-8D11-00A0C91BC942}") = "2023.09.07.0014_referenceType", "2023.09.07.0014_referenceType\2023.09.07.0014_referenceType.vcxproj", "{A6EF2D9E-3C1C-43C1-B3D8-54BD5E0FC428}"
EndProject
Project("{8BC9CEB8-8B4A-11D0-8D11-00A0C91BC942}") = "2023.09.07.0015_StaticMember", "2023.09.07.0015_StaticMember\2023.09.07.0015_StaticMember.vcxproj", "{393C9FAB-507D-4C26-9D59-040B41DA4F40}"
EndProject
Project("{8BC9CEB8-8B4A-11D0-8D11-00A0C91BC942}") = "2023.09.08.0016_StaticMember", "2023.09.08.0016_StaticMember\2023.09.08.0016_StaticMember.vcxproj", "{240E8831-0147-49A5-95DD-1632773A36C7}"
EndProject
Project("{8BC9CEB8-8B4A-11D0-8D11-00A0C91BC942}") = "2023.09.08.0017_StaticMember", "2023.09.08.0017_StaticMember\2023.09.08.0017_StaticMember.vcxproj", "{77CB6FA4-2151-498B-BB9B-66BADAECD1A2}"
EndProject
Project("{8BC9CEB8-8B4A-11D0-8D11-00A0C91BC942}") = "2023.09.08.0018_StaticMember", "2023.09.08.0018_StaticMember\2023.09.08.0018_StaticMember.vcxproj", "{6E4DD967-2BCE-4762-8146-2C108B26A790}"
EndProject
Project("{8BC9CEB8-8B4A-11D0-8D11-00A0C91BC942}") = "2023.09.08.0019_StaticMember", "2023.09.08.0019_StaticMember\2023.09.08.0019_StaticMember.vcxproj", "{FF839141-C7E3-4318-9531-09D25D6BF4C3}"
EndProject
Project("{8BC9CEB8-8B4A-11D0-8D11-00A0C91BC942}") = "2023.09.08.0020_ThisPointer", "2023.09.08.0020_ThisPointer\2023.09.08.0020_ThisPointer.vcxproj", "{4591A9B7-8AEF-4284-8C07-578B95E76066}"
EndProject
Project("{8BC9CEB8-8B4A-11D0-8D11-00A0C91BC942}") = "2023.09.11.0021_Overloading", "2023.09.11.0021_Overloading\2023.09.11.0021_Overloading.vcxproj", "{4B4830DD-F765-4CA4-8C5A-02B392C86080}"
EndProject
Project("{8BC9CEB8-8B4A-11D0-8D11-00A0C91BC942}") = "2023.09.11.0022_Capsulazation", "2023.09.11.0022_Capsulazation\2023.09.11.0022_Capsulazation.vcxproj", "{5B25277E-E12E-4928-8C8A-7AEAB55BC48B}"
EndProject
Project("{8BC9CEB8-8B4A-11D0-8D11-00A0C91BC942}") = "2023.09.12.0023_inlineFunction", "2023.09.12.0023_inlineFunction\2023.09.12.0023_inlineFunction.vcxproj", "{B1CDF4D0-2F48-413A-97EC-10CBCD3D6E54}"
EndProject
Project("{8BC9CEB8-8B4A-11D0-8D11-00A0C91BC942}") = "2023.09.12.0024_inlineFunction", "2023.09.12.0024_inlineFunction\2023.09.12.0024_inlineFunction.vcxproj", "{331C5727-81B8-4318-9356-F3E27AE41B93}"
EndProject
Project("{8BC9CEB8-8B4A-11D0-8D11-00A0C91BC942}") = "2023.09.12.0025_DynamicObject", "2023.09.12.0025_DynamicObject\2023.09.12.0025_DynamicObject.vcxproj", "{AA9D6278-0EB4-42C0-B8E4-5BAE8277D171}"
EndProject
Project("{8BC9CEB8-8B4A-11D0-8D11-00A0C91BC942}") = "2023.09.12.0026_DynamicObject", "2023.09.12.0026_DynamicObject\2023.09.12.0026_DynamicObject.vcxproj", "{392B08A4-BA42-4DF6-8454-BCAEFEF90BFA}"
EndProject
Project("{8BC9CEB8-8B4A-11D0-8D11-00A0C91BC942}") = "2023.09.12.0027_DynamicObject", "2023.09.12.0027_DynamicObject\2023.09.12.0027_DynamicObject.vcxproj", "{C5636F1F-BBCD-4E63-897A-782BF9A92368}"
EndProject
Project("{8BC9CEB8-8B4A-11D0-8D11-00A0C91BC942}") = "2023.09.13.0028_DynamicObject", "2023.09.13.0028_DynamicObject\2023.09.13.0028_DynamicObject.vcxproj", "{D7CC0628-CE6B-4C29-929D-54AC338A6558}"
EndProject
Project("{8BC9CEB8-8B4A-11D0-8D11-00A0C91BC942}") = "2023.09.13.0029_DynamicObjectArray", "2023.09.13.0029_DynamicObjectArray\2023.09.13.0029_DynamicObjectArray.vcxproj", "{0359F49A-8C2E-4B0E-AD39-9CCC8AF01756}"
EndProject
Project("{8BC9CEB8-8B4A-11D0-8D11-00A0C91BC942}") = "2023.09.13.0030_CopyConstructor", "2023.09.13.0030_CopyConstructor\2023.09.13.0030_CopyConstructor.vcxproj", "{4AC82935-9C39-4F36-BFDA-1CA35E67A231}"
EndProject
Project("{8BC9CEB8-8B4A-11D0-8D11-00A0C91BC942}") = "2023.09.13.0031_CopyConstructor", "2023.09.13.0031_CopyConstructor\2023.09.13.0031_CopyConstructor.vcxproj", "{F5B0C298-803B-431A-9FF0-4BE492E0F37C}"
EndProject
Project("{8BC9CEB8-8B4A-11D0-8D11-00A0C91BC942}") = "2023.09.14.0032_ConstFunction", "2023.09.14.0032_ConstFunction\2023.09.14.0032_ConstFunction.vcxproj", "{A2C2A726-04DE-4EE3-9FBB-9874F948F851}"
EndProject
Project("{8BC9CEB8-8B4A-11D0-8D11-00A0C91BC942}") = "2023.09.14.0033_Inheritance", "2023.09.14.0033_Inheritance\2023.09.14.0033_Inheritance.vcxproj", "{F000E94F-F51A-4832-8A68-11E732F2B650}"
EndProject
Project("{8BC9CEB8-8B4A-11D0-8D11-00A0C91BC942}") = "2023.09.15.0034_Inheritance_General", "2023.09.15.0034_Inheritance_General\2023.09.15.0034_Inheritance_General.vcxproj", "{FFAAC270-F878-47B5-A0EF-6AED4CF020FC}"
EndProject
Project("{8BC9CEB8-8B4A-11D0-8D11-00A0C91BC942}") = "2023.09.15.0035_Inheritance_General", "2023.09.15.0035_Inheritance_General\2023.09.15.0035_Inheritance_General.vcxproj", "{5031ED50-6F7E-42D9-BDF2-B388865CDD9F}"
EndProject
Project("{8BC9CEB8-8B4A-11D0-8D11-00A0C91BC942}") = "2023.09.15.0036_Inheritance_Special", "2023.09.15.0036_Inheritance_Special\2023.09.15.0036_Inheritance_Special.vcxproj", "{B3F3EC77-006F-44C8-9BA6-BFF8C61DADE0}"
EndProject
Project("{8BC9CEB8-8B4A-11D0-8D11-00A0C91BC942}") = "2023.09.15.0037_Inheritance_Special", "2023.09.15.0037_Inheritance_Special\2023.09.15.0037_Inheritance_Special.vcxproj", "{91C08EC9-EC0B-451F-88F9-4C96D8BA569A}"
EndProject
Project("{8BC9CEB8-8B4A-11D0-8D11-00A0C91BC942}") = "2023.09.18.0038_Inheritance_Special", "2023.09.18.0038_Inheritance_Special\2023.09.18.0038_Inheritance_Special.vcxproj", "{D91A32E0-C3B4-4911-A3CE-B25B3474F040}"
EndProject
Project("{8BC9CEB8-8B4A-11D0-8D11-00A0C91BC942}") = "2023.09.18.0039_Inheritance_Extent", "2023.09.18.0039_Inheritance_Extent\2023.09.18.0039_Inheritance_Extent.vcxproj", "{A4A64008-0CA0-46F8-82D0-27806168BF90}"
EndProject
Project("{8BC9CEB8-8B4A-11D0-8D11-00A0C91BC942}") = "2023.09.18.0040_Inheritance_ext_String", "2023.09.18.0040_Inheritance_ext_String\2023.09.18.0040_Inheritance_ext_String.vcxproj", "{3A396A1C-738F-4732-9E3E-EE7B019E98D2}"
EndProject
Project("{8BC9CEB8-8B4A-11D0-8D11-00A0C91BC942}") = "2023.09.18.0041_Inheritance_Constructor", "2023.09.18.0041_Inheritance_Constructor\2023.09.18.0041_Inheritance_Constructor.vcxproj", "{4477C80A-E6D7-4AA9-B66B-3D7582D59DE7}"
EndProject
Project("{8BC9CEB8-8B4A-11D0-8D11-00A0C91BC942}") = "2023.09.18.0042_Inheritance", "2023.09.18.0042_Inheritance\2023.09.18.0042_Inheritance.vcxproj", "{FC881D50-266F-466E-8803-16C8BA52EBA4}"
EndProject
Project("{8BC9CEB8-8B4A-11D0-8D11-00A0C91BC942}") = "2023.09.19.0043_UpCasting", "2023.09.19.0043_UpCasting\2023.09.19.0043_UpCasting.vcxproj", "{F8EE4191-5F14-4887-9BC4-E5FA9D304758}"
EndProject
Project("{8BC9CEB8-8B4A-11D0-8D11-00A0C91BC942}") = "2023.09.19.0044_UpCasting", "2023.09.19.0044_UpCasting\2023.09.19.0044_UpCasting.vcxproj", "{0EBA919B-F9DF-48D3-B6A1-A92859E59383}"
EndProject
Project("{8BC9CEB8-8B4A-11D0-8D11-00A0C91BC942}") = "2023.09.20.0045_Composition", "2023.09.20.0045_Composition\2023.09.20.0045_Composition.vcxproj", "{D96399BD-80C8-407D-B3F1-DDD6D073437A}"
EndProject
Project("{8BC9CEB8-8B4A-11D0-8D11-00A0C91BC942}") = "2023.09.20.0046_Composition", "2023.09.20.0046_Composition\2023.09.20.0046_Composition.vcxproj", "{CA6BD83C-E679-481C-9539-FE85CEC70857}"
EndProject
Project("{8BC9CEB8-8B4A-11D0-8D11-00A0C91BC942}") = "2023.09.21.0047_Composition_Robot", "2023.09.21.0047_Composition_Robot\2023.09.21.0047_Composition_Robot.vcxproj", "{269F17EF-AD71-4673-84E6-1386F7E16D2B}"
EndProject
Project("{8BC9CEB8-8B4A-11D0-8D11-00A0C91BC942}") = "2023.09.21.0048_Composition_Robot", "2023.09.21.0048_Composition_Robot\2023.09.21.0048_Composition_Robot.vcxproj", "{495650E2-01D4-4178-9535-E339D70B4F8D}"
EndProject
Project("{8BC9CEB8-8B4A-11D0-8D11-00A0C91BC942}") = "2023.09.22.0049_multiple_Inheritance", "2023.09.22.0049_multiple_Inheritance\2023.09.22.0049_multiple_Inheritance.vcxproj", "{86DD0F10-C8AA-4B73-98A8-14599F67FF25}"
EndProject
Project("{8BC9CEB8-8B4A-11D0-8D11-00A0C91BC942}") = "2023.09.22.0050_multiple_Inheritance", "2023.09.22.0050_multiple_Inheritance\2023.09.22.0050_multiple_Inheritance.vcxproj", "{FBCE8730-D135-4CE3-B858-035B0FCA7C80}"
EndProject
Project("{8BC9CEB8-8B4A-11D0-8D11-00A0C91BC942}") = "2023.09.22.0051_multiple_Inheritance", "2023.09.22.0051_multiple_Inheritance\2023.09.22.0051_multiple_Inheritance.vcxproj", "{7ABF7100-C7BA-4601-B6C5-08C45440A46A}"
EndProject
Project("{8BC9CEB8-8B4A-11D0-8D11-00A0C91BC942}") = "2023.09.25.0052_PolyMorphism", "2023.09.25.0052_PolyMorphism\2023.09.25.0052_PolyMorphism.vcxproj", "{7C5B9B9B-FC60-4917-9D64-1B3860FA73E6}"
EndProject
Project("{8BC9CEB8-8B4A-11D0-8D11-00A0C91BC942}") = "2023.09.25.0053_PolyMorphism_Coffeeshop", "2023.09.25.0053_PolyMorphism_Coffeeshop\2023.09.25.0053_PolyMorphism_Coffeeshop.vcxproj", "{65BBE701-B18F-48B6-8357-83971FFDD7FF}"
EndProject
Project("{8BC9CEB8-8B4A-11D0-8D11-00A0C91BC942}") = "2023.09.25.0054_PolyMorphism_Coffeeshop", "2023.09.25.0054_PolyMorphism_Coffeeshop\2023.09.25.0054_PolyMorphism_Coffeeshop.vcxproj", "{71499667-7919-4D36-9226-3CD6E021E5CC}"
EndProject
Project("{8BC9CEB8-8B4A-11D0-8D11-00A0C91BC942}") = "2023.09.25.0055_PolyMorphism_Coffeeshop", "2023.09.25.0055_PolyMorphism_Coffeeshop\2023.09.25.0055_PolyMorphism_Coffeeshop.vcxproj", "{6D5BF1C0-32BE-4CC3-9F8A-33603E9303BF}"
EndProject
Project("{8BC9CEB8-8B4A-11D0-8D11-00A0C91BC942}") = "2023.09.25.0056_PolyMorphism_Coffeeshop", "2023.09.25.0056_PolyMorphism_Coffeeshop\2023.09.25.0056_PolyMorphism_Coffeeshop.vcxproj", "{E8A910A1-8FB9-48FB-8A1C-7DF1610A8E00}"
EndProject
Project("{8BC9CEB8-8B4A-11D0-8D11-00A0C91BC942}") = "2023.09.26.0057_PolyMorphism_Coffeeshop", "2023.09.26.0057_PolyMorphism_Coffeeshop\2023.09.26.0057_PolyMorphism_Coffeeshop.vcxproj", "{D1525350-27A6-4C3B-A8BA-B1198C70EF44}"
EndProject
Project("{8BC9CEB8-8B4A-11D0-8D11-00A0C91BC942}") = "2023.09.26.0058_VirtualFunction", "2023.09.26.0058_VirtualFunction\2023.09.26.0058_VirtualFunction.vcxproj", "{1E7EB7E6-CC81-4830-A1E7-F8AAB590992C}"
EndProject
Global
	GlobalSection(SolutionConfigurationPlatforms) = preSolution
		Debug|x64 = Debug|x64
		Debug|x86 = Debug|x86
		Release|x64 = Release|x64
		Release|x86 = Release|x86
	EndGlobalSection
	GlobalSection(ProjectConfigurationPlatforms) = postSolution
		{8219A5F0-CDFD-47C3-B1C6-6C9762497125}.Debug|x64.ActiveCfg = Debug|x64
		{8219A5F0-CDFD-47C3-B1C6-6C9762497125}.Debug|x64.Build.0 = Debug|x64
		{8219A5F0-CDFD-47C3-B1C6-6C9762497125}.Debug|x86.ActiveCfg = Debug|Win32
		{8219A5F0-CDFD-47C3-B1C6-6C9762497125}.Debug|x86.Build.0 = Debug|Win32
		{8219A5F0-CDFD-47C3-B1C6-6C9762497125}.Release|x64.ActiveCfg = Release|x64
		{8219A5F0-CDFD-47C3-B1C6-6C9762497125}.Release|x64.Build.0 = Release|x64
		{8219A5F0-CDFD-47C3-B1C6-6C9762497125}.Release|x86.ActiveCfg = Release|Win32
		{8219A5F0-CDFD-47C3-B1C6-6C9762497125}.Release|x86.Build.0 = Release|Win32
		{B64F7F49-0FA4-4D3F-869D-B9A8190EFBED}.Debug|x64.ActiveCfg = Debug|x64
		{B64F7F49-0FA4-4D3F-869D-B9A8190EFBED}.Debug|x64.Build.0 = Debug|x64
		{B64F7F49-0FA4-4D3F-869D-B9A8190EFBED}.Debug|x86.ActiveCfg = Debug|Win32
		{B64F7F49-0FA4-4D3F-869D-B9A8190EFBED}.Debug|x86.Build.0 = Debug|Win32
		{B64F7F49-0FA4-4D3F-869D-B9A8190EFBED}.Release|x64.ActiveCfg = Release|x64
		{B64F7F49-0FA4-4D3F-869D-B9A8190EFBED}.Release|x64.Build.0 = Release|x64
		{B64F7F49-0FA4-4D3F-869D-B9A8190EFBED}.Release|x86.ActiveCfg = Release|Win32
		{B64F7F49-0FA4-4D3F-869D-B9A8190EFBED}.Release|x86.Build.0 = Release|Win32
		{3D3BB654-F33C-4F2C-B6AC-058E1F1DFC16}.Debug|x64.ActiveCfg = Debug|x64
		{3D3BB654-F33C-4F2C-B6AC-058E1F1DFC16}.Debug|x64.Build.0 = Debug|x64
		{3D3BB654-F33C-4F2C-B6AC-058E1F1DFC16}.Debug|x86.ActiveCfg = Debug|Win32
		{3D3BB654-F33C-4F2C-B6AC-058E1F1DFC16}.Debug|x86.Build.0 = Debug|Win32
		{3D3BB654-F33C-4F2C-B6AC-058E1F1DFC16}.Release|x64.ActiveCfg = Release|x64
		{3D3BB654-F33C-4F2C-B6AC-058E1F1DFC16}.Release|x64.Build.0 = Release|x64
		{3D3BB654-F33C-4F2C-B6AC-058E1F1DFC16}.Release|x86.ActiveCfg = Release|Win32
		{3D3BB654-F33C-4F2C-B6AC-058E1F1DFC16}.Release|x86.Build.0 = Release|Win32
		{B3ADFF47-667A-49AC-9910-C26757505409}.Debug|x64.ActiveCfg = Debug|x64
		{B3ADFF47-667A-49AC-9910-C26757505409}.Debug|x64.Build.0 = Debug|x64
		{B3ADFF47-667A-49AC-9910-C26757505409}.Debug|x86.ActiveCfg = Debug|Win32
		{B3ADFF47-667A-49AC-9910-C26757505409}.Debug|x86.Build.0 = Debug|Win32
		{B3ADFF47-667A-49AC-9910-C26757505409}.Release|x64.ActiveCfg = Release|x64
		{B3ADFF47-667A-49AC-9910-C26757505409}.Release|x64.Build.0 = Release|x64
		{B3ADFF47-667A-49AC-9910-C26757505409}.Release|x86.ActiveCfg = Release|Win32
		{B3ADFF47-667A-49AC-9910-C26757505409}.Release|x86.Build.0 = Release|Win32
		{CFCE32A4-F099-48AB-BEF4-953E58324BFC}.Debug|x64.ActiveCfg = Debug|x64
		{CFCE32A4-F099-48AB-BEF4-953E58324BFC}.Debug|x64.Build.0 = Debug|x64
		{CFCE32A4-F099-48AB-BEF4-953E58324BFC}.Debug|x86.ActiveCfg = Debug|Win32
		{CFCE32A4-F099-48AB-BEF4-953E58324BFC}.Debug|x86.Build.0 = Debug|Win32
		{CFCE32A4-F099-48AB-BEF4-953E58324BFC}.Release|x64.ActiveCfg = Release|x64
		{CFCE32A4-F099-48AB-BEF4-953E58324BFC}.Release|x64.Build.0 = Release|x64
		{CFCE32A4-F099-48AB-BEF4-953E58324BFC}.Release|x86.ActiveCfg = Release|Win32
		{CFCE32A4-F099-48AB-BEF4-953E58324BFC}.Release|x86.Build.0 = Release|Win32
		{3E59D6CD-F45C-4F7E-8115-7674565CC7F7}.Debug|x64.ActiveCfg = Debug|x64
		{3E59D6CD-F45C-4F7E-8115-7674565CC7F7}.Debug|x64.Build.0 = Debug|x64
		{3E59D6CD-F45C-4F7E-8115-7674565CC7F7}.Debug|x86.ActiveCfg = Debug|Win32
		{3E59D6CD-F45C-4F7E-8115-7674565CC7F7}.Debug|x86.Build.0 = Debug|Win32
		{3E59D6CD-F45C-4F7E-8115-7674565CC7F7}.Release|x64.ActiveCfg = Release|x64
		{3E59D6CD-F45C-4F7E-8115-7674565CC7F7}.Release|x64.Build.0 = Release|x64
		{3E59D6CD-F45C-4F7E-8115-7674565CC7F7}.Release|x86.ActiveCfg = Release|Win32
		{3E59D6CD-F45C-4F7E-8115-7674565CC7F7}.Release|x86.Build.0 = Release|Win32
		{6E2DEE18-6C44-43B4-B989-E1E398C51798}.Debug|x64.ActiveCfg = Debug|x64
		{6E2DEE18-6C44-43B4-B989-E1E398C51798}.Debug|x64.Build.0 = Debug|x64
		{6E2DEE18-6C44-43B4-B989-E1E398C51798}.Debug|x86.ActiveCfg = Debug|Win32
		{6E2DEE18-6C44-43B4-B989-E1E398C51798}.Debug|x86.Build.0 = Debug|Win32
		{6E2DEE18-6C44-43B4-B989-E1E398C51798}.Release|x64.ActiveCfg = Release|x64
		{6E2DEE18-6C44-43B4-B989-E1E398C51798}.Release|x64.Build.0 = Release|x64
		{6E2DEE18-6C44-43B4-B989-E1E398C51798}.Release|x86.ActiveCfg = Release|Win32
		{6E2DEE18-6C44-43B4-B989-E1E398C51798}.Release|x86.Build.0 = Release|Win32
		{52092196-9682-4317-9FE1-F8B70F34D1A1}.Debug|x64.ActiveCfg = Debug|x64
		{52092196-9682-4317-9FE1-F8B70F34D1A1}.Debug|x64.Build.0 = Debug|x64
		{52092196-9682-4317-9FE1-F8B70F34D1A1}.Debug|x86.ActiveCfg = Debug|Win32
		{52092196-9682-4317-9FE1-F8B70F34D1A1}.Debug|x86.Build.0 = Debug|Win32
		{52092196-9682-4317-9FE1-F8B70F34D1A1}.Release|x64.ActiveCfg = Release|x64
		{52092196-9682-4317-9FE1-F8B70F34D1A1}.Release|x64.Build.0 = Release|x64
		{52092196-9682-4317-9FE1-F8B70F34D1A1}.Release|x86.ActiveCfg = Release|Win32
		{52092196-9682-4317-9FE1-F8B70F34D1A1}.Release|x86.Build.0 = Release|Win32
		{3A0AA24D-335D-4749-A464-30BB3AD91742}.Debug|x64.ActiveCfg = Debug|x64
		{3A0AA24D-335D-4749-A464-30BB3AD91742}.Debug|x64.Build.0 = Debug|x64
		{3A0AA24D-335D-4749-A464-30BB3AD91742}.Debug|x86.ActiveCfg = Debug|Win32
		{3A0AA24D-335D-4749-A464-30BB3AD91742}.Debug|x86.Build.0 = Debug|Win32
		{3A0AA24D-335D-4749-A464-30BB3AD91742}.Release|x64.ActiveCfg = Release|x64
		{3A0AA24D-335D-4749-A464-30BB3AD91742}.Release|x64.Build.0 = Release|x64
		{3A0AA24D-335D-4749-A464-30BB3AD91742}.Release|x86.ActiveCfg = Release|Win32
		{3A0AA24D-335D-4749-A464-30BB3AD91742}.Release|x86.Build.0 = Release|Win32
		{3FC7CAA9-64C9-4217-85D3-35217EDA35EE}.Debug|x64.ActiveCfg = Debug|x64
		{3FC7CAA9-64C9-4217-85D3-35217EDA35EE}.Debug|x64.Build.0 = Debug|x64
		{3FC7CAA9-64C9-4217-85D3-35217EDA35EE}.Debug|x86.ActiveCfg = Debug|Win32
		{3FC7CAA9-64C9-4217-85D3-35217EDA35EE}.Debug|x86.Build.0 = Debug|Win32
		{3FC7CAA9-64C9-4217-85D3-35217EDA35EE}.Release|x64.ActiveCfg = Release|x64
		{3FC7CAA9-64C9-4217-85D3-35217EDA35EE}.Release|x64.Build.0 = Release|x64
		{3FC7CAA9-64C9-4217-85D3-35217EDA35EE}.Release|x86.ActiveCfg = Release|Win32
		{3FC7CAA9-64C9-4217-85D3-35217EDA35EE}.Release|x86.Build.0 = Release|Win32
		{CE02507D-1856-4A0A-BC98-F73196BDCC1A}.Debug|x64.ActiveCfg = Debug|x64
		{CE02507D-1856-4A0A-BC98-F73196BDCC1A}.Debug|x64.Build.0 = Debug|x64
		{CE02507D-1856-4A0A-BC98-F73196BDCC1A}.Debug|x86.ActiveCfg = Debug|Win32
		{CE02507D-1856-4A0A-BC98-F73196BDCC1A}.Debug|x86.Build.0 = Debug|Win32
		{CE02507D-1856-4A0A-BC98-F73196BDCC1A}.Release|x64.ActiveCfg = Release|x64
		{CE02507D-1856-4A0A-BC98-F73196BDCC1A}.Release|x64.Build.0 = Release|x64
		{CE02507D-1856-4A0A-BC98-F73196BDCC1A}.Release|x86.ActiveCfg = Release|Win32
		{CE02507D-1856-4A0A-BC98-F73196BDCC1A}.Release|x86.Build.0 = Release|Win32
		{4166CB65-5FCF-494C-9817-472C2449DFFB}.Debug|x64.ActiveCfg = Debug|x64
		{4166CB65-5FCF-494C-9817-472C2449DFFB}.Debug|x64.Build.0 = Debug|x64
		{4166CB65-5FCF-494C-9817-472C2449DFFB}.Debug|x86.ActiveCfg = Debug|Win32
		{4166CB65-5FCF-494C-9817-472C2449DFFB}.Debug|x86.Build.0 = Debug|Win32
		{4166CB65-5FCF-494C-9817-472C2449DFFB}.Release|x64.ActiveCfg = Release|x64
		{4166CB65-5FCF-494C-9817-472C2449DFFB}.Release|x64.Build.0 = Release|x64
		{4166CB65-5FCF-494C-9817-472C2449DFFB}.Release|x86.ActiveCfg = Release|Win32
		{4166CB65-5FCF-494C-9817-472C2449DFFB}.Release|x86.Build.0 = Release|Win32
		{956FD5D7-EFAA-43D4-A871-1D0DFCC82F7F}.Debug|x64.ActiveCfg = Debug|x64
		{956FD5D7-EFAA-43D4-A871-1D0DFCC82F7F}.Debug|x64.Build.0 = Debug|x64
		{956FD5D7-EFAA-43D4-A871-1D0DFCC82F7F}.Debug|x86.ActiveCfg = Debug|Win32
		{956FD5D7-EFAA-43D4-A871-1D0DFCC82F7F}.Debug|x86.Build.0 = Debug|Win32
		{956FD5D7-EFAA-43D4-A871-1D0DFCC82F7F}.Release|x64.ActiveCfg = Release|x64
		{956FD5D7-EFAA-43D4-A871-1D0DFCC82F7F}.Release|x64.Build.0 = Release|x64
		{956FD5D7-EFAA-43D4-A871-1D0DFCC82F7F}.Release|x86.ActiveCfg = Release|Win32
		{956FD5D7-EFAA-43D4-A871-1D0DFCC82F7F}.Release|x86.Build.0 = Release|Win32
		{A6EF2D9E-3C1C-43C1-B3D8-54BD5E0FC428}.Debug|x64.ActiveCfg = Debug|x64
		{A6EF2D9E-3C1C-43C1-B3D8-54BD5E0FC428}.Debug|x64.Build.0 = Debug|x64
		{A6EF2D9E-3C1C-43C1-B3D8-54BD5E0FC428}.Debug|x86.ActiveCfg = Debug|Win32
		{A6EF2D9E-3C1C-43C1-B3D8-54BD5E0FC428}.Debug|x86.Build.0 = Debug|Win32
		{A6EF2D9E-3C1C-43C1-B3D8-54BD5E0FC428}.Release|x64.ActiveCfg = Release|x64
		{A6EF2D9E-3C1C-43C1-B3D8-54BD5E0FC428}.Release|x64.Build.0 = Release|x64
		{A6EF2D9E-3C1C-43C1-B3D8-54BD5E0FC428}.Release|x86.ActiveCfg = Release|Win32
		{A6EF2D9E-3C1C-43C1-B3D8-54BD5E0FC428}.Release|x86.Build.0 = Release|Win32
		{393C9FAB-507D-4C26-9D59-040B41DA4F40}.Debug|x64.ActiveCfg = Debug|x64
		{393C9FAB-507D-4C26-9D59-040B41DA4F40}.Debug|x64.Build.0 = Debug|x64
		{393C9FAB-507D-4C26-9D59-040B41DA4F40}.Debug|x86.ActiveCfg = Debug|Win32
		{393C9FAB-507D-4C26-9D59-040B41DA4F40}.Debug|x86.Build.0 = Debug|Win32
		{393C9FAB-507D-4C26-9D59-040B41DA4F40}.Release|x64.ActiveCfg = Release|x64
		{393C9FAB-507D-4C26-9D59-040B41DA4F40}.Release|x64.Build.0 = Release|x64
		{393C9FAB-507D-4C26-9D59-040B41DA4F40}.Release|x86.ActiveCfg = Release|Win32
		{393C9FAB-507D-4C26-9D59-040B41DA4F40}.Release|x86.Build.0 = Release|Win32
		{240E8831-0147-49A5-95DD-1632773A36C7}.Debug|x64.ActiveCfg = Debug|x64
		{240E8831-0147-49A5-95DD-1632773A36C7}.Debug|x64.Build.0 = Debug|x64
		{240E8831-0147-49A5-95DD-1632773A36C7}.Debug|x86.ActiveCfg = Debug|Win32
		{240E8831-0147-49A5-95DD-1632773A36C7}.Debug|x86.Build.0 = Debug|Win32
		{240E8831-0147-49A5-95DD-1632773A36C7}.Release|x64.ActiveCfg = Release|x64
		{240E8831-0147-49A5-95DD-1632773A36C7}.Release|x64.Build.0 = Release|x64
		{240E8831-0147-49A5-95DD-1632773A36C7}.Release|x86.ActiveCfg = Release|Win32
		{240E8831-0147-49A5-95DD-1632773A36C7}.Release|x86.Build.0 = Release|Win32
		{77CB6FA4-2151-498B-BB9B-66BADAECD1A2}.Debug|x64.ActiveCfg = Debug|x64
		{77CB6FA4-2151-498B-BB9B-66BADAECD1A2}.Debug|x64.Build.0 = Debug|x64
		{77CB6FA4-2151-498B-BB9B-66BADAECD1A2}.Debug|x86.ActiveCfg = Debug|Win32
		{77CB6FA4-2151-498B-BB9B-66BADAECD1A2}.Debug|x86.Build.0 = Debug|Win32
		{77CB6FA4-2151-498B-BB9B-66BADAECD1A2}.Release|x64.ActiveCfg = Release|x64
		{77CB6FA4-2151-498B-BB9B-66BADAECD1A2}.Release|x64.Build.0 = Release|x64
		{77CB6FA4-2151-498B-BB9B-66BADAECD1A2}.Release|x86.ActiveCfg = Release|Win32
		{77CB6FA4-2151-498B-BB9B-66BADAECD1A2}.Release|x86.Build.0 = Release|Win32
		{6E4DD967-2BCE-4762-8146-2C108B26A790}.Debug|x64.ActiveCfg = Debug|x64
		{6E4DD967-2BCE-4762-8146-2C108B26A790}.Debug|x64.Build.0 = Debug|x64
		{6E4DD967-2BCE-4762-8146-2C108B26A790}.Debug|x86.ActiveCfg = Debug|Win32
		{6E4DD967-2BCE-4762-8146-2C108B26A790}.Debug|x86.Build.0 = Debug|Win32
		{6E4DD967-2BCE-4762-8146-2C108B26A790}.Release|x64.ActiveCfg = Release|x64
		{6E4DD967-2BCE-4762-8146-2C108B26A790}.Release|x64.Build.0 = Release|x64
		{6E4DD967-2BCE-4762-8146-2C108B26A790}.Release|x86.ActiveCfg = Release|Win32
		{6E4DD967-2BCE-4762-8146-2C108B26A790}.Release|x86.Build.0 = Release|Win32
		{FF839141-C7E3-4318-9531-09D25D6BF4C3}.Debug|x64.ActiveCfg = Debug|x64
		{FF839141-C7E3-4318-9531-09D25D6BF4C3}.Debug|x64.Build.0 = Debug|x64
		{FF839141-C7E3-4318-9531-09D25D6BF4C3}.Debug|x86.ActiveCfg = Debug|Win32
		{FF839141-C7E3-4318-9531-09D25D6BF4C3}.Debug|x86.Build.0 = Debug|Win32
		{FF839141-C7E3-4318-9531-09D25D6BF4C3}.Release|x64.ActiveCfg = Release|x64
		{FF839141-C7E3-4318-9531-09D25D6BF4C3}.Release|x64.Build.0 = Release|x64
		{FF839141-C7E3-4318-9531-09D25D6BF4C3}.Release|x86.ActiveCfg = Release|Win32
		{FF839141-C7E3-4318-9531-09D25D6BF4C3}.Release|x86.Build.0 = Release|Win32
		{4591A9B7-8AEF-4284-8C07-578B95E76066}.Debug|x64.ActiveCfg = Debug|x64
		{4591A9B7-8AEF-4284-8C07-578B95E76066}.Debug|x64.Build.0 = Debug|x64
		{4591A9B7-8AEF-4284-8C07-578B95E76066}.Debug|x86.ActiveCfg = Debug|Win32
		{4591A9B7-8AEF-4284-8C07-578B95E76066}.Debug|x86.Build.0 = Debug|Win32
		{4591A9B7-8AEF-4284-8C07-578B95E76066}.Release|x64.ActiveCfg = Release|x64
		{4591A9B7-8AEF-4284-8C07-578B95E76066}.Release|x64.Build.0 = Release|x64
		{4591A9B7-8AEF-4284-8C07-578B95E76066}.Release|x86.ActiveCfg = Release|Win32
		{4591A9B7-8AEF-4284-8C07-578B95E76066}.Release|x86.Build.0 = Release|Win32
		{4B4830DD-F765-4CA4-8C5A-02B392C86080}.Debug|x64.ActiveCfg = Debug|x64
		{4B4830DD-F765-4CA4-8C5A-02B392C86080}.Debug|x64.Build.0 = Debug|x64
		{4B4830DD-F765-4CA4-8C5A-02B392C86080}.Debug|x86.ActiveCfg = Debug|Win32
		{4B4830DD-F765-4CA4-8C5A-02B392C86080}.Debug|x86.Build.0 = Debug|Win32
		{4B4830DD-F765-4CA4-8C5A-02B392C86080}.Release|x64.ActiveCfg = Release|x64
		{4B4830DD-F765-4CA4-8C5A-02B392C86080}.Release|x64.Build.0 = Release|x64
		{4B4830DD-F765-4CA4-8C5A-02B392C86080}.Release|x86.ActiveCfg = Release|Win32
		{4B4830DD-F765-4CA4-8C5A-02B392C86080}.Release|x86.Build.0 = Release|Win32
		{5B25277E-E12E-4928-8C8A-7AEAB55BC48B}.Debug|x64.ActiveCfg = Debug|x64
		{5B25277E-E12E-4928-8C8A-7AEAB55BC48B}.Debug|x64.Build.0 = Debug|x64
		{5B25277E-E12E-4928-8C8A-7AEAB55BC48B}.Debug|x86.ActiveCfg = Debug|Win32
		{5B25277E-E12E-4928-8C8A-7AEAB55BC48B}.Debug|x86.Build.0 = Debug|Win32
		{5B25277E-E12E-4928-8C8A-7AEAB55BC48B}.Release|x64.ActiveCfg = Release|x64
		{5B25277E-E12E-4928-8C8A-7AEAB55BC48B}.Release|x64.Build.0 = Release|x64
		{5B25277E-E12E-4928-8C8A-7AEAB55BC48B}.Release|x86.ActiveCfg = Release|Win32
		{5B25277E-E12E-4928-8C8A-7AEAB55BC48B}.Release|x86.Build.0 = Release|Win32
		{B1CDF4D0-2F48-413A-97EC-10CBCD3D6E54}.Debug|x64.ActiveCfg = Debug|x64
		{B1CDF4D0-2F48-413A-97EC-10CBCD3D6E54}.Debug|x64.Build.0 = Debug|x64
		{B1CDF4D0-2F48-413A-97EC-10CBCD3D6E54}.Debug|x86.ActiveCfg = Debug|Win32
		{B1CDF4D0-2F48-413A-97EC-10CBCD3D6E54}.Debug|x86.Build.0 = Debug|Win32
		{B1CDF4D0-2F48-413A-97EC-10CBCD3D6E54}.Release|x64.ActiveCfg = Release|x64
		{B1CDF4D0-2F48-413A-97EC-10CBCD3D6E54}.Release|x64.Build.0 = Release|x64
		{B1CDF4D0-2F48-413A-97EC-10CBCD3D6E54}.Release|x86.ActiveCfg = Release|Win32
		{B1CDF4D0-2F48-413A-97EC-10CBCD3D6E54}.Release|x86.Build.0 = Release|Win32
		{331C5727-81B8-4318-9356-F3E27AE41B93}.Debug|x64.ActiveCfg = Debug|x64
		{331C5727-81B8-4318-9356-F3E27AE41B93}.Debug|x64.Build.0 = Debug|x64
		{331C5727-81B8-4318-9356-F3E27AE41B93}.Debug|x86.ActiveCfg = Debug|Win32
		{331C5727-81B8-4318-9356-F3E27AE41B93}.Debug|x86.Build.0 = Debug|Win32
		{331C5727-81B8-4318-9356-F3E27AE41B93}.Release|x64.ActiveCfg = Release|x64
		{331C5727-81B8-4318-9356-F3E27AE41B93}.Release|x64.Build.0 = Release|x64
		{331C5727-81B8-4318-9356-F3E27AE41B93}.Release|x86.ActiveCfg = Release|Win32
		{331C5727-81B8-4318-9356-F3E27AE41B93}.Release|x86.Build.0 = Release|Win32
		{AA9D6278-0EB4-42C0-B8E4-5BAE8277D171}.Debug|x64.ActiveCfg = Debug|x64
		{AA9D6278-0EB4-42C0-B8E4-5BAE8277D171}.Debug|x64.Build.0 = Debug|x64
		{AA9D6278-0EB4-42C0-B8E4-5BAE8277D171}.Debug|x86.ActiveCfg = Debug|Win32
		{AA9D6278-0EB4-42C0-B8E4-5BAE8277D171}.Debug|x86.Build.0 = Debug|Win32
		{AA9D6278-0EB4-42C0-B8E4-5BAE8277D171}.Release|x64.ActiveCfg = Release|x64
		{AA9D6278-0EB4-42C0-B8E4-5BAE8277D171}.Release|x64.Build.0 = Release|x64
		{AA9D6278-0EB4-42C0-B8E4-5BAE8277D171}.Release|x86.ActiveCfg = Release|Win32
		{AA9D6278-0EB4-42C0-B8E4-5BAE8277D171}.Release|x86.Build.0 = Release|Win32
		{392B08A4-BA42-4DF6-8454-BCAEFEF90BFA}.Debug|x64.ActiveCfg = Debug|x64
		{392B08A4-BA42-4DF6-8454-BCAEFEF90BFA}.Debug|x64.Build.0 = Debug|x64
		{392B08A4-BA42-4DF6-8454-BCAEFEF90BFA}.Debug|x86.ActiveCfg = Debug|Win32
		{392B08A4-BA42-4DF6-8454-BCAEFEF90BFA}.Debug|x86.Build.0 = Debug|Win32
		{392B08A4-BA42-4DF6-8454-BCAEFEF90BFA}.Release|x64.ActiveCfg = Release|x64
		{392B08A4-BA42-4DF6-8454-BCAEFEF90BFA}.Release|x64.Build.0 = Release|x64
		{392B08A4-BA42-4DF6-8454-BCAEFEF90BFA}.Release|x86.ActiveCfg = Release|Win32
		{392B08A4-BA42-4DF6-8454-BCAEFEF90BFA}.Release|x86.Build.0 = Release|Win32
		{C5636F1F-BBCD-4E63-897A-782BF9A92368}.Debug|x64.ActiveCfg = Debug|x64
		{C5636F1F-BBCD-4E63-897A-782BF9A92368}.Debug|x64.Build.0 = Debug|x64
		{C5636F1F-BBCD-4E63-897A-782BF9A92368}.Debug|x86.ActiveCfg = Debug|Win32
		{C5636F1F-BBCD-4E63-897A-782BF9A92368}.Debug|x86.Build.0 = Debug|Win32
		{C5636F1F-BBCD-4E63-897A-782BF9A92368}.Release|x64.ActiveCfg = Release|x64
		{C5636F1F-BBCD-4E63-897A-782BF9A92368}.Release|x64.Build.0 = Release|x64
		{C5636F1F-BBCD-4E63-897A-782BF9A92368}.Release|x86.ActiveCfg = Release|Win32
		{C5636F1F-BBCD-4E63-897A-782BF9A92368}.Release|x86.Build.0 = Release|Win32
		{D7CC0628-CE6B-4C29-929D-54AC338A6558}.Debug|x64.ActiveCfg = Debug|x64
		{D7CC0628-CE6B-4C29-929D-54AC338A6558}.Debug|x64.Build.0 = Debug|x64
		{D7CC0628-CE6B-4C29-929D-54AC338A6558}.Debug|x86.ActiveCfg = Debug|Win32
		{D7CC0628-CE6B-4C29-929D-54AC338A6558}.Debug|x86.Build.0 = Debug|Win32
		{D7CC0628-CE6B-4C29-929D-54AC338A6558}.Release|x64.ActiveCfg = Release|x64
		{D7CC0628-CE6B-4C29-929D-54AC338A6558}.Release|x64.Build.0 = Release|x64
		{D7CC0628-CE6B-4C29-929D-54AC338A6558}.Release|x86.ActiveCfg = Release|Win32
		{D7CC0628-CE6B-4C29-929D-54AC338A6558}.Release|x86.Build.0 = Release|Win32
		{0359F49A-8C2E-4B0E-AD39-9CCC8AF01756}.Debug|x64.ActiveCfg = Debug|x64
		{0359F49A-8C2E-4B0E-AD39-9CCC8AF01756}.Debug|x64.Build.0 = Debug|x64
		{0359F49A-8C2E-4B0E-AD39-9CCC8AF01756}.Debug|x86.ActiveCfg = Debug|Win32
		{0359F49A-8C2E-4B0E-AD39-9CCC8AF01756}.Debug|x86.Build.0 = Debug|Win32
		{0359F49A-8C2E-4B0E-AD39-9CCC8AF01756}.Release|x64.ActiveCfg = Release|x64
		{0359F49A-8C2E-4B0E-AD39-9CCC8AF01756}.Release|x64.Build.0 = Release|x64
		{0359F49A-8C2E-4B0E-AD39-9CCC8AF01756}.Release|x86.ActiveCfg = Release|Win32
		{0359F49A-8C2E-4B0E-AD39-9CCC8AF01756}.Release|x86.Build.0 = Release|Win32
		{4AC82935-9C39-4F36-BFDA-1CA35E67A231}.Debug|x64.ActiveCfg = Debug|x64
		{4AC82935-9C39-4F36-BFDA-1CA35E67A231}.Debug|x64.Build.0 = Debug|x64
		{4AC82935-9C39-4F36-BFDA-1CA35E67A231}.Debug|x86.ActiveCfg = Debug|Win32
		{4AC82935-9C39-4F36-BFDA-1CA35E67A231}.Debug|x86.Build.0 = Debug|Win32
		{4AC82935-9C39-4F36-BFDA-1CA35E67A231}.Release|x64.ActiveCfg = Release|x64
		{4AC82935-9C39-4F36-BFDA-1CA35E67A231}.Release|x64.Build.0 = Release|x64
		{4AC82935-9C39-4F36-BFDA-1CA35E67A231}.Release|x86.ActiveCfg = Release|Win32
		{4AC82935-9C39-4F36-BFDA-1CA35E67A231}.Release|x86.Build.0 = Release|Win32
		{F5B0C298-803B-431A-9FF0-4BE492E0F37C}.Debug|x64.ActiveCfg = Debug|x64
		{F5B0C298-803B-431A-9FF0-4BE492E0F37C}.Debug|x64.Build.0 = Debug|x64
		{F5B0C298-803B-431A-9FF0-4BE492E0F37C}.Debug|x86.ActiveCfg = Debug|Win32
		{F5B0C298-803B-431A-9FF0-4BE492E0F37C}.Debug|x86.Build.0 = Debug|Win32
		{F5B0C298-803B-431A-9FF0-4BE492E0F37C}.Release|x64.ActiveCfg = Release|x64
		{F5B0C298-803B-431A-9FF0-4BE492E0F37C}.Release|x64.Build.0 = Release|x64
		{F5B0C298-803B-431A-9FF0-4BE492E0F37C}.Release|x86.ActiveCfg = Release|Win32
		{F5B0C298-803B-431A-9FF0-4BE492E0F37C}.Release|x86.Build.0 = Release|Win32
		{A2C2A726-04DE-4EE3-9FBB-9874F948F851}.Debug|x64.ActiveCfg = Debug|x64
		{A2C2A726-04DE-4EE3-9FBB-9874F948F851}.Debug|x64.Build.0 = Debug|x64
		{A2C2A726-04DE-4EE3-9FBB-9874F948F851}.Debug|x86.ActiveCfg = Debug|Win32
		{A2C2A726-04DE-4EE3-9FBB-9874F948F851}.Debug|x86.Build.0 = Debug|Win32
		{A2C2A726-04DE-4EE3-9FBB-9874F948F851}.Release|x64.ActiveCfg = Release|x64
		{A2C2A726-04DE-4EE3-9FBB-9874F948F851}.Release|x64.Build.0 = Release|x64
		{A2C2A726-04DE-4EE3-9FBB-9874F948F851}.Release|x86.ActiveCfg = Release|Win32
		{A2C2A726-04DE-4EE3-9FBB-9874F948F851}.Release|x86.Build.0 = Release|Win32
		{F000E94F-F51A-4832-8A68-11E732F2B650}.Debug|x64.ActiveCfg = Debug|x64
		{F000E94F-F51A-4832-8A68-11E732F2B650}.Debug|x64.Build.0 = Debug|x64
		{F000E94F-F51A-4832-8A68-11E732F2B650}.Debug|x86.ActiveCfg = Debug|Win32
		{F000E94F-F51A-4832-8A68-11E732F2B650}.Debug|x86.Build.0 = Debug|Win32
		{F000E94F-F51A-4832-8A68-11E732F2B650}.Release|x64.ActiveCfg = Release|x64
		{F000E94F-F51A-4832-8A68-11E732F2B650}.Release|x64.Build.0 = Release|x64
		{F000E94F-F51A-4832-8A68-11E732F2B650}.Release|x86.ActiveCfg = Release|Win32
		{F000E94F-F51A-4832-8A68-11E732F2B650}.Release|x86.Build.0 = Release|Win32
		{FFAAC270-F878-47B5-A0EF-6AED4CF020FC}.Debug|x64.ActiveCfg = Debug|x64
		{FFAAC270-F878-47B5-A0EF-6AED4CF020FC}.Debug|x64.Build.0 = Debug|x64
		{FFAAC270-F878-47B5-A0EF-6AED4CF020FC}.Debug|x86.ActiveCfg = Debug|Win32
		{FFAAC270-F878-47B5-A0EF-6AED4CF020FC}.Debug|x86.Build.0 = Debug|Win32
		{FFAAC270-F878-47B5-A0EF-6AED4CF020FC}.Release|x64.ActiveCfg = Release|x64
		{FFAAC270-F878-47B5-A0EF-6AED4CF020FC}.Release|x64.Build.0 = Release|x64
		{FFAAC270-F878-47B5-A0EF-6AED4CF020FC}.Release|x86.ActiveCfg = Release|Win32
		{FFAAC270-F878-47B5-A0EF-6AED4CF020FC}.Release|x86.Build.0 = Release|Win32
		{5031ED50-6F7E-42D9-BDF2-B388865CDD9F}.Debug|x64.ActiveCfg = Debug|x64
		{5031ED50-6F7E-42D9-BDF2-B388865CDD9F}.Debug|x64.Build.0 = Debug|x64
		{5031ED50-6F7E-42D9-BDF2-B388865CDD9F}.Debug|x86.ActiveCfg = Debug|Win32
		{5031ED50-6F7E-42D9-BDF2-B388865CDD9F}.Debug|x86.Build.0 = Debug|Win32
		{5031ED50-6F7E-42D9-BDF2-B388865CDD9F}.Release|x64.ActiveCfg = Release|x64
		{5031ED50-6F7E-42D9-BDF2-B388865CDD9F}.Release|x64.Build.0 = Release|x64
		{5031ED50-6F7E-42D9-BDF2-B388865CDD9F}.Release|x86.ActiveCfg = Release|Win32
		{5031ED50-6F7E-42D9-BDF2-B388865CDD9F}.Release|x86.Build.0 = Release|Win32
		{B3F3EC77-006F-44C8-9BA6-BFF8C61DADE0}.Debug|x64.ActiveCfg = Debug|x64
		{B3F3EC77-006F-44C8-9BA6-BFF8C61DADE0}.Debug|x64.Build.0 = Debug|x64
		{B3F3EC77-006F-44C8-9BA6-BFF8C61DADE0}.Debug|x86.ActiveCfg = Debug|Win32
		{B3F3EC77-006F-44C8-9BA6-BFF8C61DADE0}.Debug|x86.Build.0 = Debug|Win32
		{B3F3EC77-006F-44C8-9BA6-BFF8C61DADE0}.Release|x64.ActiveCfg = Release|x64
		{B3F3EC77-006F-44C8-9BA6-BFF8C61DADE0}.Release|x64.Build.0 = Release|x64
		{B3F3EC77-006F-44C8-9BA6-BFF8C61DADE0}.Release|x86.ActiveCfg = Release|Win32
		{B3F3EC77-006F-44C8-9BA6-BFF8C61DADE0}.Release|x86.Build.0 = Release|Win32
		{91C08EC9-EC0B-451F-88F9-4C96D8BA569A}.Debug|x64.ActiveCfg = Debug|x64
		{91C08EC9-EC0B-451F-88F9-4C96D8BA569A}.Debug|x64.Build.0 = Debug|x64
		{91C08EC9-EC0B-451F-88F9-4C96D8BA569A}.Debug|x86.ActiveCfg = Debug|Win32
		{91C08EC9-EC0B-451F-88F9-4C96D8BA569A}.Debug|x86.Build.0 = Debug|Win32
		{91C08EC9-EC0B-451F-88F9-4C96D8BA569A}.Release|x64.ActiveCfg = Release|x64
		{91C08EC9-EC0B-451F-88F9-4C96D8BA569A}.Release|x64.Build.0 = Release|x64
		{91C08EC9-EC0B-451F-88F9-4C96D8BA569A}.Release|x86.ActiveCfg = Release|Win32
		{91C08EC9-EC0B-451F-88F9-4C96D8BA569A}.Release|x86.Build.0 = Release|Win32
		{D91A32E0-C3B4-4911-A3CE-B25B3474F040}.Debug|x64.ActiveCfg = Debug|x64
		{D91A32E0-C3B4-4911-A3CE-B25B3474F040}.Debug|x64.Build.0 = Debug|x64
		{D91A32E0-C3B4-4911-A3CE-B25B3474F040}.Debug|x86.ActiveCfg = Debug|Win32
		{D91A32E0-C3B4-4911-A3CE-B25B3474F040}.Debug|x86.Build.0 = Debug|Win32
		{D91A32E0-C3B4-4911-A3CE-B25B3474F040}.Release|x64.ActiveCfg = Release|x64
		{D91A32E0-C3B4-4911-A3CE-B25B3474F040}.Release|x64.Build.0 = Release|x64
		{D91A32E0-C3B4-4911-A3CE-B25B3474F040}.Release|x86.ActiveCfg = Release|Win32
		{D91A32E0-C3B4-4911-A3CE-B25B3474F040}.Release|x86.Build.0 = Release|Win32
		{A4A64008-0CA0-46F8-82D0-27806168BF90}.Debug|x64.ActiveCfg = Debug|x64
		{A4A64008-0CA0-46F8-82D0-27806168BF90}.Debug|x64.Build.0 = Debug|x64
		{A4A64008-0CA0-46F8-82D0-27806168BF90}.Debug|x86.ActiveCfg = Debug|Win32
		{A4A64008-0CA0-46F8-82D0-27806168BF90}.Debug|x86.Build.0 = Debug|Win32
		{A4A64008-0CA0-46F8-82D0-27806168BF90}.Release|x64.ActiveCfg = Release|x64
		{A4A64008-0CA0-46F8-82D0-27806168BF90}.Release|x64.Build.0 = Release|x64
		{A4A64008-0CA0-46F8-82D0-27806168BF90}.Release|x86.ActiveCfg = Release|Win32
		{A4A64008-0CA0-46F8-82D0-27806168BF90}.Release|x86.Build.0 = Release|Win32
		{3A396A1C-738F-4732-9E3E-EE7B019E98D2}.Debug|x64.ActiveCfg = Debug|x64
		{3A396A1C-738F-4732-9E3E-EE7B019E98D2}.Debug|x64.Build.0 = Debug|x64
		{3A396A1C-738F-4732-9E3E-EE7B019E98D2}.Debug|x86.ActiveCfg = Debug|Win32
		{3A396A1C-738F-4732-9E3E-EE7B019E98D2}.Debug|x86.Build.0 = Debug|Win32
		{3A396A1C-738F-4732-9E3E-EE7B019E98D2}.Release|x64.ActiveCfg = Release|x64
		{3A396A1C-738F-4732-9E3E-EE7B019E98D2}.Release|x64.Build.0 = Release|x64
		{3A396A1C-738F-4732-9E3E-EE7B019E98D2}.Release|x86.ActiveCfg = Release|Win32
		{3A396A1C-738F-4732-9E3E-EE7B019E98D2}.Release|x86.Build.0 = Release|Win32
		{4477C80A-E6D7-4AA9-B66B-3D7582D59DE7}.Debug|x64.ActiveCfg = Debug|x64
		{4477C80A-E6D7-4AA9-B66B-3D7582D59DE7}.Debug|x64.Build.0 = Debug|x64
		{4477C80A-E6D7-4AA9-B66B-3D7582D59DE7}.Debug|x86.ActiveCfg = Debug|Win32
		{4477C80A-E6D7-4AA9-B66B-3D7582D59DE7}.Debug|x86.Build.0 = Debug|Win32
		{4477C80A-E6D7-4AA9-B66B-3D7582D59DE7}.Release|x64.ActiveCfg = Release|x64
		{4477C80A-E6D7-4AA9-B66B-3D7582D59DE7}.Release|x64.Build.0 = Release|x64
		{4477C80A-E6D7-4AA9-B66B-3D7582D59DE7}.Release|x86.ActiveCfg = Release|Win32
		{4477C80A-E6D7-4AA9-B66B-3D7582D59DE7}.Release|x86.Build.0 = Release|Win32
		{FC881D50-266F-466E-8803-16C8BA52EBA4}.Debug|x64.ActiveCfg = Debug|x64
		{FC881D50-266F-466E-8803-16C8BA52EBA4}.Debug|x64.Build.0 = Debug|x64
		{FC881D50-266F-466E-8803-16C8BA52EBA4}.Debug|x86.ActiveCfg = Debug|Win32
		{FC881D50-266F-466E-8803-16C8BA52EBA4}.Debug|x86.Build.0 = Debug|Win32
		{FC881D50-266F-466E-8803-16C8BA52EBA4}.Release|x64.ActiveCfg = Release|x64
		{FC881D50-266F-466E-8803-16C8BA52EBA4}.Release|x64.Build.0 = Release|x64
		{FC881D50-266F-466E-8803-16C8BA52EBA4}.Release|x86.ActiveCfg = Release|Win32
		{FC881D50-266F-466E-8803-16C8BA52EBA4}.Release|x86.Build.0 = Release|Win32
		{F8EE4191-5F14-4887-9BC4-E5FA9D304758}.Debug|x64.ActiveCfg = Debug|x64
		{F8EE4191-5F14-4887-9BC4-E5FA9D304758}.Debug|x64.Build.0 = Debug|x64
		{F8EE4191-5F14-4887-9BC4-E5FA9D304758}.Debug|x86.ActiveCfg = Debug|Win32
		{F8EE4191-5F14-4887-9BC4-E5FA9D304758}.Debug|x86.Build.0 = Debug|Win32
		{F8EE4191-5F14-4887-9BC4-E5FA9D304758}.Release|x64.ActiveCfg = Release|x64
		{F8EE4191-5F14-4887-9BC4-E5FA9D304758}.Release|x64.Build.0 = Release|x64
		{F8EE4191-5F14-4887-9BC4-E5FA9D304758}.Release|x86.ActiveCfg = Release|Win32
		{F8EE4191-5F14-4887-9BC4-E5FA9D304758}.Release|x86.Build.0 = Release|Win32
		{0EBA919B-F9DF-48D3-B6A1-A92859E59383}.Debug|x64.ActiveCfg = Debug|x64
		{0EBA919B-F9DF-48D3-B6A1-A92859E59383}.Debug|x64.Build.0 = Debug|x64
		{0EBA919B-F9DF-48D3-B6A1-A92859E59383}.Debug|x86.ActiveCfg = Debug|Win32
		{0EBA919B-F9DF-48D3-B6A1-A92859E59383}.Debug|x86.Build.0 = Debug|Win32
		{0EBA919B-F9DF-48D3-B6A1-A92859E59383}.Release|x64.ActiveCfg = Release|x64
		{0EBA919B-F9DF-48D3-B6A1-A92859E59383}.Release|x64.Build.0 = Release|x64
		{0EBA919B-F9DF-48D3-B6A1-A92859E59383}.Release|x86.ActiveCfg = Release|Win32
		{0EBA919B-F9DF-48D3-B6A1-A92859E59383}.Release|x86.Build.0 = Release|Win32
		{D96399BD-80C8-407D-B3F1-DDD6D073437A}.Debug|x64.ActiveCfg = Debug|x64
		{D96399BD-80C8-407D-B3F1-DDD6D073437A}.Debug|x64.Build.0 = Debug|x64
		{D96399BD-80C8-407D-B3F1-DDD6D073437A}.Debug|x86.ActiveCfg = Debug|Win32
		{D96399BD-80C8-407D-B3F1-DDD6D073437A}.Debug|x86.Build.0 = Debug|Win32
		{D96399BD-80C8-407D-B3F1-DDD6D073437A}.Release|x64.ActiveCfg = Release|x64
		{D96399BD-80C8-407D-B3F1-DDD6D073437A}.Release|x64.Build.0 = Release|x64
		{D96399BD-80C8-407D-B3F1-DDD6D073437A}.Release|x86.ActiveCfg = Release|Win32
		{D96399BD-80C8-407D-B3F1-DDD6D073437A}.Release|x86.Build.0 = Release|Win32
		{CA6BD83C-E679-481C-9539-FE85CEC70857}.Debug|x64.ActiveCfg = Debug|x64
		{CA6BD83C-E679-481C-9539-FE85CEC70857}.Debug|x64.Build.0 = Debug|x64
		{CA6BD83C-E679-481C-9539-FE85CEC70857}.Debug|x86.ActiveCfg = Debug|Win32
		{CA6BD83C-E679-481C-9539-FE85CEC70857}.Debug|x86.Build.0 = Debug|Win32
		{CA6BD83C-E679-481C-9539-FE85CEC70857}.Release|x64.ActiveCfg = Release|x64
		{CA6BD83C-E679-481C-9539-FE85CEC70857}.Release|x64.Build.0 = Release|x64
		{CA6BD83C-E679-481C-9539-FE85CEC70857}.Release|x86.ActiveCfg = Release|Win32
		{CA6BD83C-E679-481C-9539-FE85CEC70857}.Release|x86.Build.0 = Release|Win32
		{269F17EF-AD71-4673-84E6-1386F7E16D2B}.Debug|x64.ActiveCfg = Debug|x64
		{269F17EF-AD71-4673-84E6-1386F7E16D2B}.Debug|x64.Build.0 = Debug|x64
		{269F17EF-AD71-4673-84E6-1386F7E16D2B}.Debug|x86.ActiveCfg = Debug|Win32
		{269F17EF-AD71-4673-84E6-1386F7E16D2B}.Debug|x86.Build.0 = Debug|Win32
		{269F17EF-AD71-4673-84E6-1386F7E16D2B}.Release|x64.ActiveCfg = Release|x64
		{269F17EF-AD71-4673-84E6-1386F7E16D2B}.Release|x64.Build.0 = Release|x64
		{269F17EF-AD71-4673-84E6-1386F7E16D2B}.Release|x86.ActiveCfg = Release|Win32
		{269F17EF-AD71-4673-84E6-1386F7E16D2B}.Release|x86.Build.0 = Release|Win32
		{495650E2-01D4-4178-9535-E339D70B4F8D}.Debug|x64.ActiveCfg = Debug|x64
		{495650E2-01D4-4178-9535-E339D70B4F8D}.Debug|x64.Build.0 = Debug|x64
		{495650E2-01D4-4178-9535-E339D70B4F8D}.Debug|x86.ActiveCfg = Debug|Win32
		{495650E2-01D4-4178-9535-E339D70B4F8D}.Debug|x86.Build.0 = Debug|Win32
		{495650E2-01D4-4178-9535-E339D70B4F8D}.Release|x64.ActiveCfg = Release|x64
		{495650E2-01D4-4178-9535-E339D70B4F8D}.Release|x64.Build.0 = Release|x64
		{495650E2-01D4-4178-9535-E339D70B4F8D}.Release|x86.ActiveCfg = Release|Win32
		{495650E2-01D4-4178-9535-E339D70B4F8D}.Release|x86.Build.0 = Release|Win32
		{86DD0F10-C8AA-4B73-98A8-14599F67FF25}.Debug|x64.ActiveCfg = Debug|x64
		{86DD0F10-C8AA-4B73-98A8-14599F67FF25}.Debug|x64.Build.0 = Debug|x64
		{86DD0F10-C8AA-4B73-98A8-14599F67FF25}.Debug|x86.ActiveCfg = Debug|Win32
		{86DD0F10-C8AA-4B73-98A8-14599F67FF25}.Debug|x86.Build.0 = Debug|Win32
		{86DD0F10-C8AA-4B73-98A8-14599F67FF25}.Release|x64.ActiveCfg = Release|x64
		{86DD0F10-C8AA-4B73-98A8-14599F67FF25}.Release|x64.Build.0 = Release|x64
		{86DD0F10-C8AA-4B73-98A8-14599F67FF25}.Release|x86.ActiveCfg = Release|Win32
		{86DD0F10-C8AA-4B73-98A8-14599F67FF25}.Release|x86.Build.0 = Release|Win32
		{FBCE8730-D135-4CE3-B858-035B0FCA7C80}.Debug|x64.ActiveCfg = Debug|x64
		{FBCE8730-D135-4CE3-B858-035B0FCA7C80}.Debug|x64.Build.0 = Debug|x64
		{FBCE8730-D135-4CE3-B858-035B0FCA7C80}.Debug|x86.ActiveCfg = Debug|Win32
		{FBCE8730-D135-4CE3-B858-035B0FCA7C80}.Debug|x86.Build.0 = Debug|Win32
		{FBCE8730-D135-4CE3-B858-035B0FCA7C80}.Release|x64.ActiveCfg = Release|x64
		{FBCE8730-D135-4CE3-B858-035B0FCA7C80}.Release|x64.Build.0 = Release|x64
		{FBCE8730-D135-4CE3-B858-035B0FCA7C80}.Release|x86.ActiveCfg = Release|Win32
		{FBCE8730-D135-4CE3-B858-035B0FCA7C80}.Release|x86.Build.0 = Release|Win32
		{7ABF7100-C7BA-4601-B6C5-08C45440A46A}.Debug|x64.ActiveCfg = Debug|x64
		{7ABF7100-C7BA-4601-B6C5-08C45440A46A}.Debug|x64.Build.0 = Debug|x64
		{7ABF7100-C7BA-4601-B6C5-08C45440A46A}.Debug|x86.ActiveCfg = Debug|Win32
		{7ABF7100-C7BA-4601-B6C5-08C45440A46A}.Debug|x86.Build.0 = Debug|Win32
		{7ABF7100-C7BA-4601-B6C5-08C45440A46A}.Release|x64.ActiveCfg = Release|x64
		{7ABF7100-C7BA-4601-B6C5-08C45440A46A}.Release|x64.Build.0 = Release|x64
		{7ABF7100-C7BA-4601-B6C5-08C45440A46A}.Release|x86.ActiveCfg = Release|Win32
		{7ABF7100-C7BA-4601-B6C5-08C45440A46A}.Release|x86.Build.0 = Release|Win32
		{7C5B9B9B-FC60-4917-9D64-1B3860FA73E6}.Debug|x64.ActiveCfg = Debug|x64
		{7C5B9B9B-FC60-4917-9D64-1B3860FA73E6}.Debug|x64.Build.0 = Debug|x64
		{7C5B9B9B-FC60-4917-9D64-1B3860FA73E6}.Debug|x86.ActiveCfg = Debug|Win32
		{7C5B9B9B-FC60-4917-9D64-1B3860FA73E6}.Debug|x86.Build.0 = Debug|Win32
		{7C5B9B9B-FC60-4917-9D64-1B3860FA73E6}.Release|x64.ActiveCfg = Release|x64
		{7C5B9B9B-FC60-4917-9D64-1B3860FA73E6}.Release|x64.Build.0 = Release|x64
		{7C5B9B9B-FC60-4917-9D64-1B3860FA73E6}.Release|x86.ActiveCfg = Release|Win32
		{7C5B9B9B-FC60-4917-9D64-1B3860FA73E6}.Release|x86.Build.0 = Release|Win32
		{65BBE701-B18F-48B6-8357-83971FFDD7FF}.Debug|x64.ActiveCfg = Debug|x64
		{65BBE701-B18F-48B6-8357-83971FFDD7FF}.Debug|x64.Build.0 = Debug|x64
		{65BBE701-B18F-48B6-8357-83971FFDD7FF}.Debug|x86.ActiveCfg = Debug|Win32
		{65BBE701-B18F-48B6-8357-83971FFDD7FF}.Debug|x86.Build.0 = Debug|Win32
		{65BBE701-B18F-48B6-8357-83971FFDD7FF}.Release|x64.ActiveCfg = Release|x64
		{65BBE701-B18F-48B6-8357-83971FFDD7FF}.Release|x64.Build.0 = Release|x64
		{65BBE701-B18F-48B6-8357-83971FFDD7FF}.Release|x86.ActiveCfg = Release|Win32
		{65BBE701-B18F-48B6-8357-83971FFDD7FF}.Release|x86.Build.0 = Release|Win32
		{71499667-7919-4D36-9226-3CD6E021E5CC}.Debug|x64.ActiveCfg = Debug|x64
		{71499667-7919-4D36-9226-3CD6E021E5CC}.Debug|x64.Build.0 = Debug|x64
		{71499667-7919-4D36-9226-3CD6E021E5CC}.Debug|x86.ActiveCfg = Debug|Win32
		{71499667-7919-4D36-9226-3CD6E021E5CC}.Debug|x86.Build.0 = Debug|Win32
		{71499667-7919-4D36-9226-3CD6E021E5CC}.Release|x64.ActiveCfg = Release|x64
		{71499667-7919-4D36-9226-3CD6E021E5CC}.Release|x64.Build.0 = Release|x64
		{71499667-7919-4D36-9226-3CD6E021E5CC}.Release|x86.ActiveCfg = Release|Win32
		{71499667-7919-4D36-9226-3CD6E021E5CC}.Release|x86.Build.0 = Release|Win32
		{6D5BF1C0-32BE-4CC3-9F8A-33603E9303BF}.Debug|x64.ActiveCfg = Debug|x64
		{6D5BF1C0-32BE-4CC3-9F8A-33603E9303BF}.Debug|x64.Build.0 = Debug|x64
		{6D5BF1C0-32BE-4CC3-9F8A-33603E9303BF}.Debug|x86.ActiveCfg = Debug|Win32
		{6D5BF1C0-32BE-4CC3-9F8A-33603E9303BF}.Debug|x86.Build.0 = Debug|Win32
		{6D5BF1C0-32BE-4CC3-9F8A-33603E9303BF}.Release|x64.ActiveCfg = Release|x64
		{6D5BF1C0-32BE-4CC3-9F8A-33603E9303BF}.Release|x64.Build.0 = Release|x64
		{6D5BF1C0-32BE-4CC3-9F8A-33603E9303BF}.Release|x86.ActiveCfg = Release|Win32
		{6D5BF1C0-32BE-4CC3-9F8A-33603E9303BF}.Release|x86.Build.0 = Release|Win32
		{E8A910A1-8FB9-48FB-8A1C-7DF1610A8E00}.Debug|x64.ActiveCfg = Debug|x64
		{E8A910A1-8FB9-48FB-8A1C-7DF1610A8E00}.Debug|x64.Build.0 = Debug|x64
		{E8A910A1-8FB9-48FB-8A1C-7DF1610A8E00}.Debug|x86.ActiveCfg = Debug|Win32
		{E8A910A1-8FB9-48FB-8A1C-7DF1610A8E00}.Debug|x86.Build.0 = Debug|Win32
		{E8A910A1-8FB9-48FB-8A1C-7DF1610A8E00}.Release|x64.ActiveCfg = Release|x64
		{E8A910A1-8FB9-48FB-8A1C-7DF1610A8E00}.Release|x64.Build.0 = Release|x64
		{E8A910A1-8FB9-48FB-8A1C-7DF1610A8E00}.Release|x86.ActiveCfg = Release|Win32
		{E8A910A1-8FB9-48FB-8A1C-7DF1610A8E00}.Release|x86.Build.0 = Release|Win32
		{D1525350-27A6-4C3B-A8BA-B1198C70EF44}.Debug|x64.ActiveCfg = Debug|x64
		{D1525350-27A6-4C3B-A8BA-B1198C70EF44}.Debug|x64.Build.0 = Debug|x64
		{D1525350-27A6-4C3B-A8BA-B1198C70EF44}.Debug|x86.ActiveCfg = Debug|Win32
		{D1525350-27A6-4C3B-A8BA-B1198C70EF44}.Debug|x86.Build.0 = Debug|Win32
		{D1525350-27A6-4C3B-A8BA-B1198C70EF44}.Release|x64.ActiveCfg = Release|x64
		{D1525350-27A6-4C3B-A8BA-B1198C70EF44}.Release|x64.Build.0 = Release|x64
		{D1525350-27A6-4C3B-A8BA-B1198C70EF44}.Release|x86.ActiveCfg = Release|Win32
		{D1525350-27A6-4C3B-A8BA-B1198C70EF44}.Release|x86.Build.0 = Release|Win32
		{1E7EB7E6-CC81-4830-A1E7-F8AAB590992C}.Debug|x64.ActiveCfg = Debug|x64
		{1E7EB7E6-CC81-4830-A1E7-F8AAB590992C}.Debug|x64.Build.0 = Debug|x64
		{1E7EB7E6-CC81-4830-A1E7-F8AAB590992C}.Debug|x86.ActiveCfg = Debug|Win32
		{1E7EB7E6-CC81-4830-A1E7-F8AAB590992C}.Debug|x86.Build.0 = Debug|Win32
		{1E7EB7E6-CC81-4830-A1E7-F8AAB590992C}.Release|x64.ActiveCfg = Release|x64
		{1E7EB7E6-CC81-4830-A1E7-F8AAB590992C}.Release|x64.Build.0 = Release|x64
		{1E7EB7E6-CC81-4830-A1E7-F8AAB590992C}.Release|x86.ActiveCfg = Release|Win32
		{1E7EB7E6-CC81-4830-A1E7-F8AAB590992C}.Release|x86.Build.0 = Release|Win32
	EndGlobalSection
	GlobalSection(SolutionProperties) = preSolution
		HideSolutionNode = FALSE
	EndGlobalSection
	GlobalSection(ExtensibilityGlobals) = postSolution
		SolutionGuid = {95E95AF8-64DB-4B7C-B181-777A9944AD22}
	EndGlobalSection
EndGlobal
